// !$*UTF8*$!
{
	archiveVersion = 1;
	classes = {
	};
	objectVersion = 46;
	objects = {

/* Begin PBXBuildFile section */
		17017E6516C90F65008C774E /* UIKit.framework in Frameworks */ = {isa = PBXBuildFile; fileRef = 17017E6416C90F65008C774E /* UIKit.framework */; };
		17017E6716C90F65008C774E /* Foundation.framework in Frameworks */ = {isa = PBXBuildFile; fileRef = 17017E6616C90F65008C774E /* Foundation.framework */; };
		17017E6916C90F65008C774E /* CoreGraphics.framework in Frameworks */ = {isa = PBXBuildFile; fileRef = 17017E6816C90F65008C774E /* CoreGraphics.framework */; };
		17017E6F16C90F65008C774E /* InfoPlist.strings in Resources */ = {isa = PBXBuildFile; fileRef = 17017E6D16C90F65008C774E /* InfoPlist.strings */; };
		17017E7116C90F65008C774E /* main.m in Sources */ = {isa = PBXBuildFile; fileRef = 17017E7016C90F65008C774E /* main.m */; };
		17017E7516C90F65008C774E /* AppDelegate.m in Sources */ = {isa = PBXBuildFile; fileRef = 17017E7416C90F65008C774E /* AppDelegate.m */; };
		17017E7716C90F65008C774E /* Default.png in Resources */ = {isa = PBXBuildFile; fileRef = 17017E7616C90F65008C774E /* Default.png */; };
		17017E7916C90F65008C774E /* Default@2x.png in Resources */ = {isa = PBXBuildFile; fileRef = 17017E7816C90F65008C774E /* Default@2x.png */; };
		17017E7B16C90F65008C774E /* Default-568h@2x.png in Resources */ = {isa = PBXBuildFile; fileRef = 17017E7A16C90F65008C774E /* Default-568h@2x.png */; };
		17017E8916C90F9D008C774E /* AnimationsTableViewController.m in Sources */ = {isa = PBXBuildFile; fileRef = 17017E8816C90F9D008C774E /* AnimationsTableViewController.m */; };
		17017EB316C9433C008C774E /* registrationIphone5@2x.png in Resources */ = {isa = PBXBuildFile; fileRef = 17017EAC16C9433C008C774E /* registrationIphone5@2x.png */; };
		17017EB416C9433C008C774E /* SplitAnimation.m in Sources */ = {isa = PBXBuildFile; fileRef = 17017EAE16C9433C008C774E /* SplitAnimation.m */; };
		1708436E16DCC504007583A2 /* UIViewOverlayAnimation.m in Sources */ = {isa = PBXBuildFile; fileRef = 1708436D16DCC504007583A2 /* UIViewOverlayAnimation.m */; };
		1708437116DCC8A4007583A2 /* QuartzCore.framework in Frameworks */ = {isa = PBXBuildFile; fileRef = 1708436F16DCC892007583A2 /* QuartzCore.framework */; };
		1708437416DCC931007583A2 /* registrationOverlay.png in Resources */ = {isa = PBXBuildFile; fileRef = 1708437216DCC930007583A2 /* registrationOverlay.png */; };
		1708437516DCC931007583A2 /* registrationOverlay@2x.png in Resources */ = {isa = PBXBuildFile; fileRef = 1708437316DCC930007583A2 /* registrationOverlay@2x.png */; };
		1708437816DCC940007583A2 /* closeButton.png in Resources */ = {isa = PBXBuildFile; fileRef = 1708437616DCC940007583A2 /* closeButton.png */; };
		1708437916DCC940007583A2 /* closeButton@2x.png in Resources */ = {isa = PBXBuildFile; fileRef = 1708437716DCC940007583A2 /* closeButton@2x.png */; };
		1709BE35172675EF008947C8 /* LVRotatingButton.m in Sources */ = {isa = PBXBuildFile; fileRef = 1709BE33172675EF008947C8 /* LVRotatingButton.m */; };
		1709BE36172675EF008947C8 /* plusButton@2x.png in Resources */ = {isa = PBXBuildFile; fileRef = 1709BE34172675EF008947C8 /* plusButton@2x.png */; };
		1709BE391726760F008947C8 /* LVRotatingButtonViewController.m in Sources */ = {isa = PBXBuildFile; fileRef = 1709BE381726760F008947C8 /* LVRotatingButtonViewController.m */; };
		17115DD216CA36D400CF5399 /* maskTop@2x.png in Resources */ = {isa = PBXBuildFile; fileRef = 17115DD016CA36D400CF5399 /* maskTop@2x.png */; };
		17115DD316CA36D400CF5399 /* maskDown@2x.png in Resources */ = {isa = PBXBuildFile; fileRef = 17115DD116CA36D400CF5399 /* maskDown@2x.png */; };
		1746162316DF83F200F64E9F /* JumpingButton.m in Sources */ = {isa = PBXBuildFile; fileRef = 1746162216DF83F200F64E9F /* JumpingButton.m */; };
		1752AE9B176EF3D600181714 /* pauseButton.png in Resources */ = {isa = PBXBuildFile; fileRef = 1752AE99176EF3D600181714 /* pauseButton.png */; };
		1752AE9C176EF3D600181714 /* pauseButton@2x.png in Resources */ = {isa = PBXBuildFile; fileRef = 1752AE9A176EF3D600181714 /* pauseButton@2x.png */; };
		17F6FD8C176A09000060AAAF /* LVPlayButtonController.m in Sources */ = {isa = PBXBuildFile; fileRef = 17F6FD8B176A09000060AAAF /* LVPlayButtonController.m */; };
		17F6FD92176A0C130060AAAF /* RoundProgressBar.m in Sources */ = {isa = PBXBuildFile; fileRef = 17F6FD91176A0C130060AAAF /* RoundProgressBar.m */; };
		17F6FD94176A0ED20060AAAF /* playButton@2x.png in Resources */ = {isa = PBXBuildFile; fileRef = 17F6FD93176A0ED20060AAAF /* playButton@2x.png */; };
		17F6FD96176A14BE0060AAAF /* playButton.png in Resources */ = {isa = PBXBuildFile; fileRef = 17F6FD95176A14BE0060AAAF /* playButton.png */; };
/* End PBXBuildFile section */

/* Begin PBXFileReference section */
		17017E6016C90F65008C774E /* AnimationsDemo.app */ = {isa = PBXFileReference; explicitFileType = wrapper.application; includeInIndex = 0; path = AnimationsDemo.app; sourceTree = BUILT_PRODUCTS_DIR; };
		17017E6416C90F65008C774E /* UIKit.framework */ = {isa = PBXFileReference; lastKnownFileType = wrapper.framework; name = UIKit.framework; path = System/Library/Frameworks/UIKit.framework; sourceTree = SDKROOT; };
		17017E6616C90F65008C774E /* Foundation.framework */ = {isa = PBXFileReference; lastKnownFileType = wrapper.framework; name = Foundation.framework; path = System/Library/Frameworks/Foundation.framework; sourceTree = SDKROOT; };
		17017E6816C90F65008C774E /* CoreGraphics.framework */ = {isa = PBXFileReference; lastKnownFileType = wrapper.framework; name = CoreGraphics.framework; path = System/Library/Frameworks/CoreGraphics.framework; sourceTree = SDKROOT; };
		17017E6C16C90F65008C774E /* AnimationsDemo-Info.plist */ = {isa = PBXFileReference; lastKnownFileType = text.plist.xml; path = "AnimationsDemo-Info.plist"; sourceTree = "<group>"; };
		17017E6E16C90F65008C774E /* en */ = {isa = PBXFileReference; lastKnownFileType = text.plist.strings; name = en; path = en.lproj/InfoPlist.strings; sourceTree = "<group>"; };
		17017E7016C90F65008C774E /* main.m */ = {isa = PBXFileReference; lastKnownFileType = sourcecode.c.objc; path = main.m; sourceTree = "<group>"; };
		17017E7216C90F65008C774E /* AnimationsDemo-Prefix.pch */ = {isa = PBXFileReference; lastKnownFileType = sourcecode.c.h; path = "AnimationsDemo-Prefix.pch"; sourceTree = "<group>"; };
		17017E7316C90F65008C774E /* AppDelegate.h */ = {isa = PBXFileReference; lastKnownFileType = sourcecode.c.h; path = AppDelegate.h; sourceTree = "<group>"; };
		17017E7416C90F65008C774E /* AppDelegate.m */ = {isa = PBXFileReference; lastKnownFileType = sourcecode.c.objc; path = AppDelegate.m; sourceTree = "<group>"; };
		17017E7616C90F65008C774E /* Default.png */ = {isa = PBXFileReference; lastKnownFileType = image.png; path = Default.png; sourceTree = "<group>"; };
		17017E7816C90F65008C774E /* Default@2x.png */ = {isa = PBXFileReference; lastKnownFileType = image.png; path = "Default@2x.png"; sourceTree = "<group>"; };
		17017E7A16C90F65008C774E /* Default-568h@2x.png */ = {isa = PBXFileReference; lastKnownFileType = image.png; path = "Default-568h@2x.png"; sourceTree = "<group>"; };
		17017E8716C90F9D008C774E /* AnimationsTableViewController.h */ = {isa = PBXFileReference; fileEncoding = 4; lastKnownFileType = sourcecode.c.h; path = AnimationsTableViewController.h; sourceTree = "<group>"; };
		17017E8816C90F9D008C774E /* AnimationsTableViewController.m */ = {isa = PBXFileReference; fileEncoding = 4; lastKnownFileType = sourcecode.c.objc; path = AnimationsTableViewController.m; sourceTree = "<group>"; };
		17017EAC16C9433C008C774E /* registrationIphone5@2x.png */ = {isa = PBXFileReference; lastKnownFileType = image.png; path = "registrationIphone5@2x.png"; sourceTree = "<group>"; };
		17017EAD16C9433C008C774E /* SplitAnimation.h */ = {isa = PBXFileReference; fileEncoding = 4; lastKnownFileType = sourcecode.c.h; path = SplitAnimation.h; sourceTree = "<group>"; };
		17017EAE16C9433C008C774E /* SplitAnimation.m */ = {isa = PBXFileReference; fileEncoding = 4; lastKnownFileType = sourcecode.c.objc; path = SplitAnimation.m; sourceTree = "<group>"; };
		1708436B16DCC4E7007583A2 /* UIViewOverlayAnimation.h */ = {isa = PBXFileReference; fileEncoding = 4; lastKnownFileType = sourcecode.c.h; path = UIViewOverlayAnimation.h; sourceTree = "<group>"; };
		1708436D16DCC504007583A2 /* UIViewOverlayAnimation.m */ = {isa = PBXFileReference; fileEncoding = 4; lastKnownFileType = sourcecode.c.objc; path = UIViewOverlayAnimation.m; sourceTree = "<group>"; };
		1708436F16DCC892007583A2 /* QuartzCore.framework */ = {isa = PBXFileReference; lastKnownFileType = wrapper.framework; name = QuartzCore.framework; path = System/Library/Frameworks/QuartzCore.framework; sourceTree = SDKROOT; };
		1708437216DCC930007583A2 /* registrationOverlay.png */ = {isa = PBXFileReference; lastKnownFileType = image.png; path = registrationOverlay.png; sourceTree = "<group>"; };
		1708437316DCC930007583A2 /* registrationOverlay@2x.png */ = {isa = PBXFileReference; lastKnownFileType = image.png; path = "registrationOverlay@2x.png"; sourceTree = "<group>"; };
		1708437616DCC940007583A2 /* closeButton.png */ = {isa = PBXFileReference; lastKnownFileType = image.png; path = closeButton.png; sourceTree = "<group>"; };
		1708437716DCC940007583A2 /* closeButton@2x.png */ = {isa = PBXFileReference; lastKnownFileType = image.png; path = "closeButton@2x.png"; sourceTree = "<group>"; };
		1709BE32172675EF008947C8 /* LVRotatingButton.h */ = {isa = PBXFileReference; fileEncoding = 4; lastKnownFileType = sourcecode.c.h; path = LVRotatingButton.h; sourceTree = "<group>"; };
		1709BE33172675EF008947C8 /* LVRotatingButton.m */ = {isa = PBXFileReference; fileEncoding = 4; lastKnownFileType = sourcecode.c.objc; path = LVRotatingButton.m; sourceTree = "<group>"; };
		1709BE34172675EF008947C8 /* plusButton@2x.png */ = {isa = PBXFileReference; lastKnownFileType = image.png; path = "plusButton@2x.png"; sourceTree = "<group>"; };
		1709BE371726760F008947C8 /* LVRotatingButtonViewController.h */ = {isa = PBXFileReference; fileEncoding = 4; lastKnownFileType = sourcecode.c.h; path = LVRotatingButtonViewController.h; sourceTree = "<group>"; };
		1709BE381726760F008947C8 /* LVRotatingButtonViewController.m */ = {isa = PBXFileReference; fileEncoding = 4; lastKnownFileType = sourcecode.c.objc; path = LVRotatingButtonViewController.m; sourceTree = "<group>"; };
		17115DD016CA36D400CF5399 /* maskTop@2x.png */ = {isa = PBXFileReference; lastKnownFileType = image.png; path = "maskTop@2x.png"; sourceTree = "<group>"; };
		17115DD116CA36D400CF5399 /* maskDown@2x.png */ = {isa = PBXFileReference; lastKnownFileType = image.png; path = "maskDown@2x.png"; sourceTree = "<group>"; };
		1746162116DF83F200F64E9F /* JumpingButton.h */ = {isa = PBXFileReference; fileEncoding = 4; lastKnownFileType = sourcecode.c.h; path = JumpingButton.h; sourceTree = "<group>"; };
		1746162216DF83F200F64E9F /* JumpingButton.m */ = {isa = PBXFileReference; fileEncoding = 4; lastKnownFileType = sourcecode.c.objc; path = JumpingButton.m; sourceTree = "<group>"; };
		1752AE99176EF3D600181714 /* pauseButton.png */ = {isa = PBXFileReference; lastKnownFileType = image.png; name = pauseButton.png; path = AnimationsDemo/PlayButton/pauseButton.png; sourceTree = SOURCE_ROOT; };
		1752AE9A176EF3D600181714 /* pauseButton@2x.png */ = {isa = PBXFileReference; lastKnownFileType = image.png; name = "pauseButton@2x.png"; path = "AnimationsDemo/PlayButton/pauseButton@2x.png"; sourceTree = SOURCE_ROOT; };
		17F6FD8A176A09000060AAAF /* LVPlayButtonController.h */ = {isa = PBXFileReference; fileEncoding = 4; lastKnownFileType = sourcecode.c.h; path = LVPlayButtonController.h; sourceTree = "<group>"; };
		17F6FD8B176A09000060AAAF /* LVPlayButtonController.m */ = {isa = PBXFileReference; fileEncoding = 4; lastKnownFileType = sourcecode.c.objc; path = LVPlayButtonController.m; sourceTree = "<group>"; };
		17F6FD90176A0C130060AAAF /* RoundProgressBar.h */ = {isa = PBXFileReference; fileEncoding = 4; lastKnownFileType = sourcecode.c.h; name = RoundProgressBar.h; path = AnimationsDemo/PlayButton/RoundProgressBar.h; sourceTree = SOURCE_ROOT; };
		17F6FD91176A0C130060AAAF /* RoundProgressBar.m */ = {isa = PBXFileReference; fileEncoding = 4; lastKnownFileType = sourcecode.c.objc; name = RoundProgressBar.m; path = AnimationsDemo/PlayButton/RoundProgressBar.m; sourceTree = SOURCE_ROOT; };
		17F6FD93176A0ED20060AAAF /* playButton@2x.png */ = {isa = PBXFileReference; lastKnownFileType = image.png; name = "playButton@2x.png"; path = "AnimationsDemo/PlayButton/playButton@2x.png"; sourceTree = SOURCE_ROOT; };
		17F6FD95176A14BE0060AAAF /* playButton.png */ = {isa = PBXFileReference; lastKnownFileType = image.png; name = playButton.png; path = AnimationsDemo/PlayButton/playButton.png; sourceTree = SOURCE_ROOT; };
/* End PBXFileReference section */

/* Begin PBXFrameworksBuildPhase section */
		17017E5D16C90F65008C774E /* Frameworks */ = {
			isa = PBXFrameworksBuildPhase;
			buildActionMask = 2147483647;
			files = (
				1708437116DCC8A4007583A2 /* QuartzCore.framework in Frameworks */,
				17017E6516C90F65008C774E /* UIKit.framework in Frameworks */,
				17017E6716C90F65008C774E /* Foundation.framework in Frameworks */,
				17017E6916C90F65008C774E /* CoreGraphics.framework in Frameworks */,
			);
			runOnlyForDeploymentPostprocessing = 0;
		};
/* End PBXFrameworksBuildPhase section */

/* Begin PBXGroup section */
		17017E5516C90F65008C774E = {
			isa = PBXGroup;
			children = (
				17017E6A16C90F65008C774E /* AnimationsDemo */,
				17017E6316C90F65008C774E /* Frameworks */,
				17017E6116C90F65008C774E /* Products */,
			);
			sourceTree = "<group>";
		};
		17017E6116C90F65008C774E /* Products */ = {
			isa = PBXGroup;
			children = (
				17017E6016C90F65008C774E /* AnimationsDemo.app */,
			);
			name = Products;
			sourceTree = "<group>";
		};
		17017E6316C90F65008C774E /* Frameworks */ = {
			isa = PBXGroup;
			children = (
				1708436F16DCC892007583A2 /* QuartzCore.framework */,
				17017E6416C90F65008C774E /* UIKit.framework */,
				17017E6616C90F65008C774E /* Foundation.framework */,
				17017E6816C90F65008C774E /* CoreGraphics.framework */,
			);
			name = Frameworks;
			sourceTree = "<group>";
		};
		17017E6A16C90F65008C774E /* AnimationsDemo */ = {
			isa = PBXGroup;
			children = (
				17F6FD89176A08D70060AAAF /* PlayButton */,
				1709BE3117267174008947C8 /* RotatingButton */,
				1746162016DF83DA00F64E9F /* JumpingButton */,
				1708436916DCC4BB007583A2 /* UIViewOverlayAnimation */,
				17017EA716C9433C008C774E /* SplitAnimation */,
				17017E7316C90F65008C774E /* AppDelegate.h */,
				17017E7416C90F65008C774E /* AppDelegate.m */,
				17017E6B16C90F65008C774E /* Supporting Files */,
				17017E8716C90F9D008C774E /* AnimationsTableViewController.h */,
				17017E8816C90F9D008C774E /* AnimationsTableViewController.m */,
			);
			path = AnimationsDemo;
			sourceTree = "<group>";
		};
		17017E6B16C90F65008C774E /* Supporting Files */ = {
			isa = PBXGroup;
			children = (
				17017E6C16C90F65008C774E /* AnimationsDemo-Info.plist */,
				17017E6D16C90F65008C774E /* InfoPlist.strings */,
				17017E7016C90F65008C774E /* main.m */,
				17017E7216C90F65008C774E /* AnimationsDemo-Prefix.pch */,
				17017E7616C90F65008C774E /* Default.png */,
				17017E7816C90F65008C774E /* Default@2x.png */,
				17017E7A16C90F65008C774E /* Default-568h@2x.png */,
			);
			name = "Supporting Files";
			sourceTree = "<group>";
		};
		17017EA716C9433C008C774E /* SplitAnimation */ = {
			isa = PBXGroup;
			children = (
				17115DD016CA36D400CF5399 /* maskTop@2x.png */,
				17115DD116CA36D400CF5399 /* maskDown@2x.png */,
				17017EAC16C9433C008C774E /* registrationIphone5@2x.png */,
				17017EAD16C9433C008C774E /* SplitAnimation.h */,
				17017EAE16C9433C008C774E /* SplitAnimation.m */,
			);
			path = SplitAnimation;
			sourceTree = "<group>";
		};
		1708436916DCC4BB007583A2 /* UIViewOverlayAnimation */ = {
			isa = PBXGroup;
			children = (
				1708437616DCC940007583A2 /* closeButton.png */,
				1708437716DCC940007583A2 /* closeButton@2x.png */,
				1708437216DCC930007583A2 /* registrationOverlay.png */,
				1708437316DCC930007583A2 /* registrationOverlay@2x.png */,
				1708436B16DCC4E7007583A2 /* UIViewOverlayAnimation.h */,
				1708436D16DCC504007583A2 /* UIViewOverlayAnimation.m */,
			);
			path = UIViewOverlayAnimation;
			sourceTree = "<group>";
		};
		1709BE3117267174008947C8 /* RotatingButton */ = {
			isa = PBXGroup;
			children = (
				1709BE32172675EF008947C8 /* LVRotatingButton.h */,
				1709BE33172675EF008947C8 /* LVRotatingButton.m */,
				1709BE34172675EF008947C8 /* plusButton@2x.png */,
				1709BE371726760F008947C8 /* LVRotatingButtonViewController.h */,
				1709BE381726760F008947C8 /* LVRotatingButtonViewController.m */,
			);
			path = RotatingButton;
			sourceTree = "<group>";
		};
		1746162016DF83DA00F64E9F /* JumpingButton */ = {
			isa = PBXGroup;
			children = (
				1746162116DF83F200F64E9F /* JumpingButton.h */,
				1746162216DF83F200F64E9F /* JumpingButton.m */,
			);
			path = JumpingButton;
			sourceTree = "<group>";
		};
		17F6FD89176A08D70060AAAF /* PlayButton */ = {
			isa = PBXGroup;
			children = (
				17F6FD8D176A09E30060AAAF /* LVPLayButton */,
				17F6FD8A176A09000060AAAF /* LVPlayButtonController.h */,
				17F6FD8B176A09000060AAAF /* LVPlayButtonController.m */,
			);
			path = PlayButton;
			sourceTree = "<group>";
		};
		17F6FD8D176A09E30060AAAF /* LVPLayButton */ = {
			isa = PBXGroup;
			children = (
				1752AE99176EF3D600181714 /* pauseButton.png */,
				1752AE9A176EF3D600181714 /* pauseButton@2x.png */,
				17F6FD95176A14BE0060AAAF /* playButton.png */,
				17F6FD93176A0ED20060AAAF /* playButton@2x.png */,
				17F6FD90176A0C130060AAAF /* RoundProgressBar.h */,
				17F6FD91176A0C130060AAAF /* RoundProgressBar.m */,
			);
			path = LVPLayButton;
			sourceTree = "<group>";
		};
/* End PBXGroup section */

/* Begin PBXNativeTarget section */
		17017E5F16C90F65008C774E /* AnimationsDemo */ = {
			isa = PBXNativeTarget;
			buildConfigurationList = 17017E8416C90F65008C774E /* Build configuration list for PBXNativeTarget "AnimationsDemo" */;
			buildPhases = (
				17017E5C16C90F65008C774E /* Sources */,
				17017E5D16C90F65008C774E /* Frameworks */,
				17017E5E16C90F65008C774E /* Resources */,
			);
			buildRules = (
			);
			dependencies = (
			);
			name = AnimationsDemo;
			productName = AnimationsDemo;
			productReference = 17017E6016C90F65008C774E /* AnimationsDemo.app */;
			productType = "com.apple.product-type.application";
		};
/* End PBXNativeTarget section */

/* Begin PBXProject section */
		17017E5716C90F65008C774E /* Project object */ = {
			isa = PBXProject;
			attributes = {
				LastUpgradeCheck = 0450;
				ORGANIZATIONNAME = "Ilker Baltaci";
			};
			buildConfigurationList = 17017E5A16C90F65008C774E /* Build configuration list for PBXProject "AnimationsDemo" */;
			compatibilityVersion = "Xcode 3.2";
			developmentRegion = English;
			hasScannedForEncodings = 0;
			knownRegions = (
				en,
			);
			mainGroup = 17017E5516C90F65008C774E;
			productRefGroup = 17017E6116C90F65008C774E /* Products */;
			projectDirPath = "";
			projectRoot = "";
			targets = (
				17017E5F16C90F65008C774E /* AnimationsDemo */,
			);
		};
/* End PBXProject section */

/* Begin PBXResourcesBuildPhase section */
		17017E5E16C90F65008C774E /* Resources */ = {
			isa = PBXResourcesBuildPhase;
			buildActionMask = 2147483647;
			files = (
				17017E6F16C90F65008C774E /* InfoPlist.strings in Resources */,
				17017E7716C90F65008C774E /* Default.png in Resources */,
				17017E7916C90F65008C774E /* Default@2x.png in Resources */,
				17017E7B16C90F65008C774E /* Default-568h@2x.png in Resources */,
				17017EB316C9433C008C774E /* registrationIphone5@2x.png in Resources */,
				17115DD216CA36D400CF5399 /* maskTop@2x.png in Resources */,
				17115DD316CA36D400CF5399 /* maskDown@2x.png in Resources */,
				1708437416DCC931007583A2 /* registrationOverlay.png in Resources */,
				1708437516DCC931007583A2 /* registrationOverlay@2x.png in Resources */,
				1708437816DCC940007583A2 /* closeButton.png in Resources */,
				1708437916DCC940007583A2 /* closeButton@2x.png in Resources */,
				1709BE36172675EF008947C8 /* plusButton@2x.png in Resources */,
				17F6FD94176A0ED20060AAAF /* playButton@2x.png in Resources */,
				17F6FD96176A14BE0060AAAF /* playButton.png in Resources */,
				1752AE9B176EF3D600181714 /* pauseButton.png in Resources */,
				1752AE9C176EF3D600181714 /* pauseButton@2x.png in Resources */,
			);
			runOnlyForDeploymentPostprocessing = 0;
		};
/* End PBXResourcesBuildPhase section */

/* Begin PBXSourcesBuildPhase section */
		17017E5C16C90F65008C774E /* Sources */ = {
			isa = PBXSourcesBuildPhase;
			buildActionMask = 2147483647;
			files = (
				17017E7116C90F65008C774E /* main.m in Sources */,
				17017E7516C90F65008C774E /* AppDelegate.m in Sources */,
				17017E8916C90F9D008C774E /* AnimationsTableViewController.m in Sources */,
				17017EB416C9433C008C774E /* SplitAnimation.m in Sources */,
				1708436E16DCC504007583A2 /* UIViewOverlayAnimation.m in Sources */,
				1746162316DF83F200F64E9F /* JumpingButton.m in Sources */,
				1709BE35172675EF008947C8 /* LVRotatingButton.m in Sources */,
				1709BE391726760F008947C8 /* LVRotatingButtonViewController.m in Sources */,
				17F6FD8C176A09000060AAAF /* LVPlayButtonController.m in Sources */,
				17F6FD92176A0C130060AAAF /* RoundProgressBar.m in Sources */,
			);
			runOnlyForDeploymentPostprocessing = 0;
		};
/* End PBXSourcesBuildPhase section */

/* Begin PBXVariantGroup section */
		17017E6D16C90F65008C774E /* InfoPlist.strings */ = {
			isa = PBXVariantGroup;
			children = (
				17017E6E16C90F65008C774E /* en */,
			);
			name = InfoPlist.strings;
			sourceTree = "<group>";
		};
/* End PBXVariantGroup section */

/* Begin XCBuildConfiguration section */
		17017E8216C90F65008C774E /* Debug */ = {
			isa = XCBuildConfiguration;
			buildSettings = {
				ALWAYS_SEARCH_USER_PATHS = NO;
				CLANG_CXX_LANGUAGE_STANDARD = "gnu++0x";
				CLANG_CXX_LIBRARY = "libc++";
				CLANG_ENABLE_OBJC_ARC = YES;
				CLANG_WARN_EMPTY_BODY = YES;
				CLANG_WARN__DUPLICATE_METHOD_MATCH = YES;
				"CODE_SIGN_IDENTITY[sdk=iphoneos*]" = "iPhone Developer";
				COPY_PHASE_STRIP = NO;
				GCC_C_LANGUAGE_STANDARD = gnu99;
				GCC_DYNAMIC_NO_PIC = NO;
				GCC_OPTIMIZATION_LEVEL = 0;
				GCC_PREPROCESSOR_DEFINITIONS = (
					"DEBUG=1",
					"$(inherited)",
				);
				GCC_SYMBOLS_PRIVATE_EXTERN = NO;
				GCC_WARN_ABOUT_RETURN_TYPE = YES;
				GCC_WARN_UNINITIALIZED_AUTOS = YES;
				GCC_WARN_UNUSED_VARIABLE = YES;
				IPHONEOS_DEPLOYMENT_TARGET = 6.0;
				ONLY_ACTIVE_ARCH = YES;
				SDKROOT = iphoneos;
			};
			name = Debug;
		};
		17017E8316C90F65008C774E /* Release */ = {
			isa = XCBuildConfiguration;
			buildSettings = {
				ALWAYS_SEARCH_USER_PATHS = NO;
				CLANG_CXX_LANGUAGE_STANDARD = "gnu++0x";
				CLANG_CXX_LIBRARY = "libc++";
				CLANG_ENABLE_OBJC_ARC = YES;
				CLANG_WARN_EMPTY_BODY = YES;
				CLANG_WARN__DUPLICATE_METHOD_MATCH = YES;
				"CODE_SIGN_IDENTITY[sdk=iphoneos*]" = "iPhone Developer";
				COPY_PHASE_STRIP = YES;
				GCC_C_LANGUAGE_STANDARD = gnu99;
				GCC_WARN_ABOUT_RETURN_TYPE = YES;
				GCC_WARN_UNINITIALIZED_AUTOS = YES;
				GCC_WARN_UNUSED_VARIABLE = YES;
				IPHONEOS_DEPLOYMENT_TARGET = 6.0;
				OTHER_CFLAGS = "-DNS_BLOCK_ASSERTIONS=1";
				SDKROOT = iphoneos;
				VALIDATE_PRODUCT = YES;
			};
			name = Release;
		};
		17017E8516C90F65008C774E /* Debug */ = {
			isa = XCBuildConfiguration;
			buildSettings = {
				GCC_PRECOMPILE_PREFIX_HEADER = YES;
				GCC_PREFIX_HEADER = "AnimationsDemo/AnimationsDemo-Prefix.pch";
				INFOPLIST_FILE = "AnimationsDemo/AnimationsDemo-Info.plist";
				PRODUCT_NAME = "$(TARGET_NAME)";
				WRAPPER_EXTENSION = app;
			};
			name = Debug;
		};
		17017E8616C90F65008C774E /* Release */ = {
			isa = XCBuildConfiguration;
			buildSettings = {
				GCC_PRECOMPILE_PREFIX_HEADER = YES;
				GCC_PREFIX_HEADER = "AnimationsDemo/AnimationsDemo-Prefix.pch";
				INFOPLIST_FILE = "AnimationsDemo/AnimationsDemo-Info.plist";
				PRODUCT_NAME = "$(TARGET_NAME)";
				WRAPPER_EXTENSION = app;
			};
			name = Release;
		};
/* End XCBuildConfiguration section */

/* Begin XCConfigurationList section */
		17017E5A16C90F65008C774E /* Build configuration list for PBXProject "AnimationsDemo" */ = {
			isa = XCConfigurationList;
			buildConfigurations = (
				17017E8216C90F65008C774E /* Debug */,
				17017E8316C90F65008C774E /* Release */,
			);
			defaultConfigurationIsVisible = 0;
			defaultConfigurationName = Release;
		};
		17017E8416C90F65008C774E /* Build configuration list for PBXNativeTarget "AnimationsDemo" */ = {
			isa = XCConfigurationList;
			buildConfigurations = (
				17017E8516C90F65008C774E /* Debug */,
				17017E8616C90F65008C774E /* Release */,
			);
			defaultConfigurationIsVisible = 0;
			defaultConfigurationName = Release;
		};
/* End XCConfigurationList section */
	};
	rootObject = 17017E5716C90F65008C774E /* Project object */;
}
